{
  "name": "demo1",
  "version": "1.0.0",
  "lockfileVersion": 1,
  "requires": true,
  "dependencies": {
    "accepts": {
      "version": "https://registry.npm.taobao.org/accepts/download/accepts-1.3.4.tgz",
      "integrity": "sha1-hiRnWMfdbSGmR0/whKR0DsBesh8=",
      "requires": {
        "mime-types": "https://registry.npm.taobao.org/mime-types/download/mime-types-2.1.17.tgz",
        "negotiator": "https://registry.npm.taobao.org/negotiator/download/negotiator-0.6.1.tgz"
      }
    },
    "append-field": {
      "version": "https://registry.npm.taobao.org/append-field/download/append-field-0.1.0.tgz",
      "integrity": "sha1-bdxY+gg8e8VF08WZWygwzCNm1Eo="
    },
    "array-flatten": {
      "version": "https://registry.npm.taobao.org/array-flatten/download/array-flatten-1.1.1.tgz",
      "integrity": "sha1-ml9pkFGx5wczKPKgCJaLZOopVdI="
    },
    "bluebird": {
      "version": "3.5.1",
      "resolved": "http://registry.npm.taobao.org/bluebird/download/bluebird-3.5.1.tgz",
      "integrity": "sha1-2VUfnemPH82h5oPRfukaBgLuLrk="
    },
    "body-parser": {
      "version": "https://registry.npm.taobao.org/body-parser/download/body-parser-1.18.2.tgz",
      "integrity": "sha1-h2eKGdhLR9hZuDGZvVm84iKxBFQ=",
      "requires": {
        "bytes": "https://registry.npm.taobao.org/bytes/download/bytes-3.0.0.tgz",
        "content-type": "https://registry.npm.taobao.org/content-type/download/content-type-1.0.4.tgz",
        "debug": "https://registry.npm.taobao.org/debug/download/debug-2.6.9.tgz",
        "depd": "https://registry.npm.taobao.org/depd/download/depd-1.1.1.tgz",
        "http-errors": "https://registry.npm.taobao.org/http-errors/download/http-errors-1.6.2.tgz",
        "iconv-lite": "https://registry.npm.taobao.org/iconv-lite/download/iconv-lite-0.4.19.tgz",
        "on-finished": "https://registry.npm.taobao.org/on-finished/download/on-finished-2.3.0.tgz",
        "qs": "https://registry.npm.taobao.org/qs/download/qs-6.5.1.tgz",
        "raw-body": "https://registry.npm.taobao.org/raw-body/download/raw-body-2.3.2.tgz",
        "type-is": "https://registry.npm.taobao.org/type-is/download/type-is-1.6.15.tgz"
      }
    },
    "boostrap": {
      "version": "https://registry.npm.taobao.org/boostrap/download/boostrap-2.0.0.tgz",
      "integrity": "sha1-8KUla8N5xdpUBWQ4nkjoXpzP+fw="
    },
    "busboy": {
      "version": "https://registry.npm.taobao.org/busboy/download/busboy-0.2.14.tgz",
      "integrity": "sha1-bCpiLvz0fFe7vh4qnDetNseSVFM=",
      "requires": {
        "dicer": "https://registry.npm.taobao.org/dicer/download/dicer-0.2.5.tgz",
        "readable-stream": "https://registry.npm.taobao.org/readable-stream/download/readable-stream-1.1.14.tgz"
      }
    },
    "bytes": {
      "version": "https://registry.npm.taobao.org/bytes/download/bytes-3.0.0.tgz",
      "integrity": "sha1-0ygVQE1olpn4Wk6k+odV3ROpYEg="
    },
    "concat-stream": {
      "version": "https://registry.npm.taobao.org/concat-stream/download/concat-stream-1.6.0.tgz",
      "integrity": "sha1-CqxmL9Ur54lk1VMvaUeE5wEQrPc=",
      "requires": {
        "inherits": "https://registry.npm.taobao.org/inherits/download/inherits-2.0.3.tgz",
        "readable-stream": "https://registry.npm.taobao.org/readable-stream/download/readable-stream-2.3.3.tgz",
        "typedarray": "https://registry.npm.taobao.org/typedarray/download/typedarray-0.0.6.tgz"
      },
      "dependencies": {
        "isarray": {
          "version": "https://registry.npm.taobao.org/isarray/download/isarray-1.0.0.tgz",
          "integrity": "sha1-u5NdSFgsuhaMBoNJV6VKPgcSTxE="
        },
        "readable-stream": {
          "version": "https://registry.npm.taobao.org/readable-stream/download/readable-stream-2.3.3.tgz",
          "integrity": "sha1-No8lEtefnUb9/HE0mueHi7weuVw=",
          "requires": {
            "core-util-is": "https://registry.npm.taobao.org/core-util-is/download/core-util-is-1.0.2.tgz",
            "inherits": "https://registry.npm.taobao.org/inherits/download/inherits-2.0.3.tgz",
            "isarray": "https://registry.npm.taobao.org/isarray/download/isarray-1.0.0.tgz",
            "process-nextick-args": "https://registry.npm.taobao.org/process-nextick-args/download/process-nextick-args-1.0.7.tgz",
            "safe-buffer": "https://registry.npm.taobao.org/safe-buffer/download/safe-buffer-5.1.1.tgz",
            "string_decoder": "https://registry.npm.taobao.org/string_decoder/download/string_decoder-1.0.3.tgz",
            "util-deprecate": "https://registry.npm.taobao.org/util-deprecate/download/util-deprecate-1.0.2.tgz"
          }
        },
        "string_decoder": {
          "version": "https://registry.npm.taobao.org/string_decoder/download/string_decoder-1.0.3.tgz",
          "integrity": "sha1-D8Z9fBQYJd6UKC3VNr7GubzoYKs=",
          "requires": {
            "safe-buffer": "https://registry.npm.taobao.org/safe-buffer/download/safe-buffer-5.1.1.tgz"
          }
        }
      }
    },
    "consolidate": {
      "version": "0.15.0",
      "resolved": "http://registry.npm.taobao.org/consolidate/download/consolidate-0.15.0.tgz",
      "integrity": "sha1-OXkYkBKX1fZX0KZRSjBQIkWiCYA=",
      "requires": {
        "bluebird": "3.5.1"
      }
    },
    "content-disposition": {
      "version": "https://registry.npm.taobao.org/content-disposition/download/content-disposition-0.5.2.tgz",
      "integrity": "sha1-DPaLud318r55YcOoUXjLhdunjLQ="
    },
    "content-type": {
      "version": "https://registry.npm.taobao.org/content-type/download/content-type-1.0.4.tgz",
      "integrity": "sha1-4TjMdeBAxyexlm/l5fjJruJW/js="
    },
    "cookie": {
      "version": "https://registry.npm.taobao.org/cookie/download/cookie-0.3.1.tgz",
      "integrity": "sha1-5+Ch+e9DtMi6klxcWpboBtFoc7s="
    },
    "cookie-parser": {
      "version": "https://registry.npm.taobao.org/cookie-parser/download/cookie-parser-1.4.3.tgz",
      "integrity": "sha1-D+MfoZ0AC5X0qt8fU/3CuKIDuqU=",
      "requires": {
        "cookie": "https://registry.npm.taobao.org/cookie/download/cookie-0.3.1.tgz",
        "cookie-signature": "https://registry.npm.taobao.org/cookie-signature/download/cookie-signature-1.0.6.tgz"
      }
    },
    "cookie-session": {
      "version": "https://registry.npm.taobao.org/cookie-session/download/cookie-session-1.3.2.tgz",
      "integrity": "sha1-Rp26djCMAQtSnpp8+dh7ZJvgGQs=",
      "requires": {
        "cookies": "https://registry.npm.taobao.org/cookies/download/cookies-0.7.1.tgz",
        "debug": "https://registry.npm.taobao.org/debug/download/debug-2.6.9.tgz",
        "on-headers": "https://registry.npm.taobao.org/on-headers/download/on-headers-1.0.1.tgz"
      }
    },
    "cookie-signature": {
      "version": "https://registry.npm.taobao.org/cookie-signature/download/cookie-signature-1.0.6.tgz",
      "integrity": "sha1-4wOogrNCzD7oylE6eZmXNNqzriw="
    },
    "cookies": {
      "version": "https://registry.npm.taobao.org/cookies/download/cookies-0.7.1.tgz",
      "integrity": "sha1-fIphX1SBxhq58WyDNzG8uPZjuZs=",
      "requires": {
        "depd": "https://registry.npm.taobao.org/depd/download/depd-1.1.1.tgz",
        "keygrip": "https://registry.npm.taobao.org/keygrip/download/keygrip-1.0.2.tgz"
      }
    },
    "core-util-is": {
      "version": "https://registry.npm.taobao.org/core-util-is/download/core-util-is-1.0.2.tgz",
      "integrity": "sha1-tf1UIgqivFq1eqtxQMlAdUUDwac="
    },
    "crc": {
      "version": "https://registry.npm.taobao.org/crc/download/crc-3.4.4.tgz",
      "integrity": "sha1-naHpgOO9RPxck79as9ozeNheRms="
    },
    "debug": {
      "version": "https://registry.npm.taobao.org/debug/download/debug-2.6.9.tgz",
      "integrity": "sha1-XRKFFd8TT/Mn6QpMk/Tgd6U2NB8=",
      "requires": {
        "ms": "https://registry.npm.taobao.org/ms/download/ms-2.0.0.tgz"
      }
    },
    "decompress-response": {
      "version": "https://registry.npm.taobao.org/decompress-response/download/decompress-response-3.3.0.tgz",
      "integrity": "sha1-gKTdMjdIOEv6JICDYirt7Jgq3/M=",
      "requires": {
        "mimic-response": "https://registry.npm.taobao.org/mimic-response/download/mimic-response-1.0.0.tgz"
      }
    },
    "depd": {
      "version": "https://registry.npm.taobao.org/depd/download/depd-1.1.1.tgz",
      "integrity": "sha1-V4O04cRZ8G+lyif5kfPQbnoxA1k="
    },
    "destroy": {
      "version": "https://registry.npm.taobao.org/destroy/download/destroy-1.0.4.tgz",
      "integrity": "sha1-l4hXRCxEdJ5CBmE+N5RiBYJqvYA="
    },
    "dicer": {
      "version": "https://registry.npm.taobao.org/dicer/download/dicer-0.2.5.tgz",
      "integrity": "sha1-WZbAhrszIYyBLAkL3cCc0S+stw8=",
      "requires": {
        "readable-stream": "https://registry.npm.taobao.org/readable-stream/download/readable-stream-1.1.14.tgz",
        "streamsearch": "https://registry.npm.taobao.org/streamsearch/download/streamsearch-0.1.2.tgz"
      }
    },
    "duplexer3": {
      "version": "https://registry.npm.taobao.org/duplexer3/download/duplexer3-0.1.4.tgz",
      "integrity": "sha1-7gHdHKwO08vH/b6jfcCo8c4ALOI="
    },
    "ee-first": {
      "version": "https://registry.npm.taobao.org/ee-first/download/ee-first-1.1.1.tgz",
      "integrity": "sha1-WQxhFWsK4vTwJVcyoViyZrxWsh0="
    },
    "ejs": {
      "version": "2.5.7",
      "resolved": "http://registry.npm.taobao.org/ejs/download/ejs-2.5.7.tgz",
      "integrity": "sha1-zIcsFoiArjxxiXYv1f/ACJbJUYo="
    },
    "encodeurl": {
      "version": "https://registry.npm.taobao.org/encodeurl/download/encodeurl-1.0.1.tgz",
      "integrity": "sha1-eePVhlU0aQn+bw9Fpd5oEDspTSA="
    },
    "escape-html": {
      "version": "https://registry.npm.taobao.org/escape-html/download/escape-html-1.0.3.tgz",
      "integrity": "sha1-Aljq5NPQwJdN4cFpGI7wBR0dGYg="
    },
    "etag": {
      "version": "https://registry.npm.taobao.org/etag/download/etag-1.8.1.tgz",
      "integrity": "sha1-Qa4u62XvpiJorr/qg6x9eSmbCIc="
    },
    "express": {
      "version": "https://registry.npm.taobao.org/express/download/express-4.16.1.tgz",
      "integrity": "sha1-azO1YBg8myU7e2IUTfM6RlSsntA=",
      "requires": {
        "accepts": "https://registry.npm.taobao.org/accepts/download/accepts-1.3.4.tgz",
        "array-flatten": "https://registry.npm.taobao.org/array-flatten/download/array-flatten-1.1.1.tgz",
        "body-parser": "https://registry.npm.taobao.org/body-parser/download/body-parser-1.18.2.tgz",
        "content-disposition": "https://registry.npm.taobao.org/content-disposition/download/content-disposition-0.5.2.tgz",
        "content-type": "https://registry.npm.taobao.org/content-type/download/content-type-1.0.4.tgz",
        "cookie": "https://registry.npm.taobao.org/cookie/download/cookie-0.3.1.tgz",
        "cookie-signature": "https://registry.npm.taobao.org/cookie-signature/download/cookie-signature-1.0.6.tgz",
        "debug": "https://registry.npm.taobao.org/debug/download/debug-2.6.9.tgz",
        "depd": "https://registry.npm.taobao.org/depd/download/depd-1.1.1.tgz",
        "encodeurl": "https://registry.npm.taobao.org/encodeurl/download/encodeurl-1.0.1.tgz",
        "escape-html": "https://registry.npm.taobao.org/escape-html/download/escape-html-1.0.3.tgz",
        "etag": "https://registry.npm.taobao.org/etag/download/etag-1.8.1.tgz",
        "finalhandler": "https://registry.npm.taobao.org/finalhandler/download/finalhandler-1.1.0.tgz",
        "fresh": "https://registry.npm.taobao.org/fresh/download/fresh-0.5.2.tgz",
        "merge-descriptors": "https://registry.npm.taobao.org/merge-descriptors/download/merge-descriptors-1.0.1.tgz",
        "methods": "https://registry.npm.taobao.org/methods/download/methods-1.1.2.tgz",
        "on-finished": "https://registry.npm.taobao.org/on-finished/download/on-finished-2.3.0.tgz",
        "parseurl": "https://registry.npm.taobao.org/parseurl/download/parseurl-1.3.2.tgz",
        "path-to-regexp": "https://registry.npm.taobao.org/path-to-regexp/download/path-to-regexp-0.1.7.tgz",
        "proxy-addr": "https://registry.npm.taobao.org/proxy-addr/download/proxy-addr-2.0.2.tgz",
        "qs": "https://registry.npm.taobao.org/qs/download/qs-6.5.1.tgz",
        "range-parser": "https://registry.npm.taobao.org/range-parser/download/range-parser-1.2.0.tgz",
        "safe-buffer": "https://registry.npm.taobao.org/safe-buffer/download/safe-buffer-5.1.1.tgz",
        "send": "https://registry.npm.taobao.org/send/download/send-0.16.1.tgz",
        "serve-static": "https://registry.npm.taobao.org/serve-static/download/serve-static-1.13.1.tgz",
        "setprototypeof": "https://registry.npm.taobao.org/setprototypeof/download/setprototypeof-1.1.0.tgz",
        "statuses": "https://registry.npm.taobao.org/statuses/download/statuses-1.3.1.tgz",
        "type-is": "https://registry.npm.taobao.org/type-is/download/type-is-1.6.15.tgz",
        "utils-merge": "https://registry.npm.taobao.org/utils-merge/download/utils-merge-1.0.1.tgz",
        "vary": "https://registry.npm.taobao.org/vary/download/vary-1.1.2.tgz"
      }
    },
    "express-session": {
      "version": "https://registry.npm.taobao.org/express-session/download/express-session-1.15.6.tgz",
      "integrity": "sha1-R7QWDIj0KrcP6KUI4xy/92dXqwo=",
      "requires": {
        "cookie": "https://registry.npm.taobao.org/cookie/download/cookie-0.3.1.tgz",
        "cookie-signature": "https://registry.npm.taobao.org/cookie-signature/download/cookie-signature-1.0.6.tgz",
        "crc": "https://registry.npm.taobao.org/crc/download/crc-3.4.4.tgz",
        "debug": "https://registry.npm.taobao.org/debug/download/debug-2.6.9.tgz",
        "depd": "https://registry.npm.taobao.org/depd/download/depd-1.1.1.tgz",
        "on-headers": "https://registry.npm.taobao.org/on-headers/download/on-headers-1.0.1.tgz",
        "parseurl": "https://registry.npm.taobao.org/parseurl/download/parseurl-1.3.2.tgz",
        "uid-safe": "https://registry.npm.taobao.org/uid-safe/download/uid-safe-2.1.5.tgz",
        "utils-merge": "https://registry.npm.taobao.org/utils-merge/download/utils-merge-1.0.1.tgz"
      }
    },
    "finalhandler": {
      "version": "https://registry.npm.taobao.org/finalhandler/download/finalhandler-1.1.0.tgz",
      "integrity": "sha1-zgtoVbRYU+eRsvzGgARtiCU91/U=",
      "requires": {
        "debug": "https://registry.npm.taobao.org/debug/download/debug-2.6.9.tgz",
        "encodeurl": "https://registry.npm.taobao.org/encodeurl/download/encodeurl-1.0.1.tgz",
        "escape-html": "https://registry.npm.taobao.org/escape-html/download/escape-html-1.0.3.tgz",
        "on-finished": "https://registry.npm.taobao.org/on-finished/download/on-finished-2.3.0.tgz",
        "parseurl": "https://registry.npm.taobao.org/parseurl/download/parseurl-1.3.2.tgz",
        "statuses": "https://registry.npm.taobao.org/statuses/download/statuses-1.3.1.tgz",
        "unpipe": "https://registry.npm.taobao.org/unpipe/download/unpipe-1.0.0.tgz"
      }
    },
    "forwarded": {
      "version": "https://registry.npm.taobao.org/forwarded/download/forwarded-0.1.2.tgz",
      "integrity": "sha1-mMI9qxF1ZXuMBXPozszZGw/xjIQ="
    },
    "fresh": {
      "version": "https://registry.npm.taobao.org/fresh/download/fresh-0.5.2.tgz",
      "integrity": "sha1-PYyt2Q2XZWn6g1qx+OSyOhBWBac="
    },
    "get-stream": {
      "version": "https://registry.npm.taobao.org/get-stream/download/get-stream-3.0.0.tgz",
      "integrity": "sha1-jpQ9E1jcN1VQVOy+LtsFqhdO3hQ="
    },
    "got": {
      "version": "https://registry.npm.taobao.org/got/download/got-7.1.0.tgz",
      "integrity": "sha1-BUUP2ECU5rvqVvRRpDqcKJFmOFo=",
      "requires": {
        "decompress-response": "https://registry.npm.taobao.org/decompress-response/download/decompress-response-3.3.0.tgz",
        "duplexer3": "https://registry.npm.taobao.org/duplexer3/download/duplexer3-0.1.4.tgz",
        "get-stream": "https://registry.npm.taobao.org/get-stream/download/get-stream-3.0.0.tgz",
        "is-plain-obj": "https://registry.npm.taobao.org/is-plain-obj/download/is-plain-obj-1.1.0.tgz",
        "is-retry-allowed": "https://registry.npm.taobao.org/is-retry-allowed/download/is-retry-allowed-1.1.0.tgz",
        "is-stream": "https://registry.npm.taobao.org/is-stream/download/is-stream-1.1.0.tgz",
        "isurl": "https://registry.npm.taobao.org/isurl/download/isurl-1.0.0.tgz",
        "lowercase-keys": "https://registry.npm.taobao.org/lowercase-keys/download/lowercase-keys-1.0.0.tgz",
        "p-cancelable": "https://registry.npm.taobao.org/p-cancelable/download/p-cancelable-0.3.0.tgz",
        "p-timeout": "https://registry.npm.taobao.org/p-timeout/download/p-timeout-1.2.0.tgz",
        "safe-buffer": "https://registry.npm.taobao.org/safe-buffer/download/safe-buffer-5.1.1.tgz",
        "timed-out": "https://registry.npm.taobao.org/timed-out/download/timed-out-4.0.1.tgz",
        "url-parse-lax": "https://registry.npm.taobao.org/url-parse-lax/download/url-parse-lax-1.0.0.tgz",
        "url-to-options": "https://registry.npm.taobao.org/url-to-options/download/url-to-options-1.0.1.tgz"
      }
    },
    "has-symbol-support-x": {
      "version": "https://registry.npm.taobao.org/has-symbol-support-x/download/has-symbol-support-x-1.4.1.tgz",
      "integrity": "sha1-ZuwuN34MfXzO2wejqE13UQ/xvEw="
    },
    "has-to-string-tag-x": {
      "version": "https://registry.npm.taobao.org/has-to-string-tag-x/download/has-to-string-tag-x-1.4.1.tgz",
      "integrity": "sha1-oEWrOD17SyASoAFIqwql8pAETU0=",
      "requires": {
        "has-symbol-support-x": "https://registry.npm.taobao.org/has-symbol-support-x/download/has-symbol-support-x-1.4.1.tgz"
      }
    },
    "http-errors": {
      "version": "https://registry.npm.taobao.org/http-errors/download/http-errors-1.6.2.tgz",
      "integrity": "sha1-CgAsyFcHGSp+eUbO7cERVfYOxzY=",
      "requires": {
        "depd": "https://registry.npm.taobao.org/depd/download/depd-1.1.1.tgz",
        "inherits": "https://registry.npm.taobao.org/inherits/download/inherits-2.0.3.tgz",
        "setprototypeof": "https://registry.npm.taobao.org/setprototypeof/download/setprototypeof-1.0.3.tgz",
        "statuses": "https://registry.npm.taobao.org/statuses/download/statuses-1.3.1.tgz"
      },
      "dependencies": {
        "setprototypeof": {
          "version": "https://registry.npm.taobao.org/setprototypeof/download/setprototypeof-1.0.3.tgz",
          "integrity": "sha1-ZlZ+NwQ+608E2RvWWMDL77VbjgQ="
        }
      }
    },
    "iconv-lite": {
      "version": "https://registry.npm.taobao.org/iconv-lite/download/iconv-lite-0.4.19.tgz",
      "integrity": "sha1-90aPYBNfXl2tM5nAqBvpoWA6CCs="
    },
    "inherits": {
      "version": "https://registry.npm.taobao.org/inherits/download/inherits-2.0.3.tgz",
      "integrity": "sha1-Yzwsg+PaQqUC9SRmAiSA9CCCYd4="
    },
    "ipaddr.js": {
      "version": "https://registry.npm.taobao.org/ipaddr.js/download/ipaddr.js-1.5.2.tgz",
      "integrity": "sha1-1LUFvemUaYfM8PxY2QEP+WB+P6A="
    },
    "is-object": {
      "version": "https://registry.npm.taobao.org/is-object/download/is-object-1.0.1.tgz",
      "integrity": "sha1-iVJojF7C/9awPsyF52ngKQMINHA="
    },
    "is-plain-obj": {
      "version": "https://registry.npm.taobao.org/is-plain-obj/download/is-plain-obj-1.1.0.tgz",
      "integrity": "sha1-caUMhCnfync8kqOQpKA7OfzVHT4="
    },
    "is-retry-allowed": {
      "version": "https://registry.npm.taobao.org/is-retry-allowed/download/is-retry-allowed-1.1.0.tgz",
      "integrity": "sha1-EaBgVotnM5REAz0BJaYaINVk+zQ="
    },
    "is-stream": {
      "version": "https://registry.npm.taobao.org/is-stream/download/is-stream-1.1.0.tgz",
      "integrity": "sha1-EtSj3U5o4Lec6428hBc66A2RykQ="
    },
    "isarray": {
      "version": "https://registry.npm.taobao.org/isarray/download/isarray-0.0.1.tgz",
      "integrity": "sha1-ihis/Kmo9Bd+Cav8YDiTmwXR7t8="
    },
    "isurl": {
      "version": "https://registry.npm.taobao.org/isurl/download/isurl-1.0.0.tgz",
      "integrity": "sha1-sn9PSfPNqj6kSgpbfzRi5u3DnWc=",
      "requires": {
        "has-to-string-tag-x": "https://registry.npm.taobao.org/has-to-string-tag-x/download/has-to-string-tag-x-1.4.1.tgz",
        "is-object": "https://registry.npm.taobao.org/is-object/download/is-object-1.0.1.tgz"
      }
    },
    "keygrip": {
      "version": "https://registry.npm.taobao.org/keygrip/download/keygrip-1.0.2.tgz",
      "integrity": "sha1-rTKXxVcGneqLz+ek+kkbdcXd65E="
    },
    "lowercase-keys": {
      "version": "https://registry.npm.taobao.org/lowercase-keys/download/lowercase-keys-1.0.0.tgz",
      "integrity": "sha1-TjNms55/VFfjXxMkvfb4jQv8cwY="
    },
    "media-typer": {
      "version": "https://registry.npm.taobao.org/media-typer/download/media-typer-0.3.0.tgz",
      "integrity": "sha1-hxDXrwqmJvj/+hzgAWhUUmMlV0g="
    },
    "merge-descriptors": {
      "version": "https://registry.npm.taobao.org/merge-descriptors/download/merge-descriptors-1.0.1.tgz",
      "integrity": "sha1-sAqqVW3YtEVoFQ7J0blT8/kMu2E="
    },
    "methods": {
      "version": "https://registry.npm.taobao.org/methods/download/methods-1.1.2.tgz",
      "integrity": "sha1-VSmk1nZUE07cxSZmVoNbD4Ua/O4="
    },
    "mime": {
      "version": "https://registry.npm.taobao.org/mime/download/mime-1.4.1.tgz",
      "integrity": "sha1-Eh+evEnjdm8xGnbh+hyAA8SwOqY="
    },
    "mime-db": {
      "version": "https://registry.npm.taobao.org/mime-db/download/mime-db-1.30.0.tgz",
      "integrity": "sha1-dMZD2i3Z1qRTmZY0ZbJtXKfXHwE="
    },
    "mime-types": {
      "version": "https://registry.npm.taobao.org/mime-types/download/mime-types-2.1.17.tgz",
      "integrity": "sha1-Cdejk/A+mVp5+K+Fe3Cp4KsWVXo=",
      "requires": {
        "mime-db": "https://registry.npm.taobao.org/mime-db/download/mime-db-1.30.0.tgz"
      }
    },
    "mimic-response": {
      "version": "https://registry.npm.taobao.org/mimic-response/download/mimic-response-1.0.0.tgz",
      "integrity": "sha1-3z02Uqc/3ta5sLJBRub9BSNTRY4="
    },
    "minimist": {
      "version": "https://registry.npm.taobao.org/minimist/download/minimist-0.0.8.tgz",
      "integrity": "sha1-hX/Kv8M5fSYluCKCYuhqp6ARsF0="
    },
    "mkdirp": {
      "version": "https://registry.npm.taobao.org/mkdirp/download/mkdirp-0.5.1.tgz",
      "integrity": "sha1-MAV0OOrGz3+MR2fzhkjWaX11yQM=",
      "requires": {
        "minimist": "https://registry.npm.taobao.org/minimist/download/minimist-0.0.8.tgz"
      }
    },
    "ms": {
      "version": "https://registry.npm.taobao.org/ms/download/ms-2.0.0.tgz",
      "integrity": "sha1-VgiurfwAvmwpAd9fmGF4jeDVl8g="
    },
    "multer": {
      "version": "https://registry.npm.taobao.org/multer/download/multer-1.3.0.tgz",
      "integrity": "sha1-CSsmcPaEb6SRSWXvyM+Uwg/sbNI=",
      "requires": {
        "append-field": "https://registry.npm.taobao.org/append-field/download/append-field-0.1.0.tgz",
        "busboy": "https://registry.npm.taobao.org/busboy/download/busboy-0.2.14.tgz",
        "concat-stream": "https://registry.npm.taobao.org/concat-stream/download/concat-stream-1.6.0.tgz",
        "mkdirp": "https://registry.npm.taobao.org/mkdirp/download/mkdirp-0.5.1.tgz",
        "object-assign": "https://registry.npm.taobao.org/object-assign/download/object-assign-3.0.0.tgz",
        "on-finished": "https://registry.npm.taobao.org/on-finished/download/on-finished-2.3.0.tgz",
        "type-is": "https://registry.npm.taobao.org/type-is/download/type-is-1.6.15.tgz",
        "xtend": "https://registry.npm.taobao.org/xtend/download/xtend-4.0.1.tgz"
      }
    },
    "negotiator": {
      "version": "https://registry.npm.taobao.org/negotiator/download/negotiator-0.6.1.tgz",
      "integrity": "sha1-KzJxhOiZIQEXeyhWP7XnECrNDKk="
    },
    "object-assign": {
      "version": "https://registry.npm.taobao.org/object-assign/download/object-assign-3.0.0.tgz",
      "integrity": "sha1-m+3VygiXlJvKR+f/QIBi1Un1h/I="
    },
    "on-finished": {
      "version": "https://registry.npm.taobao.org/on-finished/download/on-finished-2.3.0.tgz",
      "integrity": "sha1-IPEzZIGwg811M3mSoWlxqi2QaUc=",
      "requires": {
        "ee-first": "https://registry.npm.taobao.org/ee-first/download/ee-first-1.1.1.tgz"
      }
    },
    "on-headers": {
      "version": "https://registry.npm.taobao.org/on-headers/download/on-headers-1.0.1.tgz",
      "integrity": "sha1-ko9dD0cNSTQmUepnlLCFfBAGk/c="
    },
    "p-cancelable": {
      "version": "https://registry.npm.taobao.org/p-cancelable/download/p-cancelable-0.3.0.tgz",
      "integrity": "sha1-ueEjgAvOu3rBOkeb4ZW1B7mNMPo="
    },
    "p-finally": {
      "version": "https://registry.npm.taobao.org/p-finally/download/p-finally-1.0.0.tgz",
      "integrity": "sha1-P7z7FbiZpEEjs0ttzBi3JDNqLK4="
    },
    "p-timeout": {
      "version": "https://registry.npm.taobao.org/p-timeout/download/p-timeout-1.2.0.tgz",
      "integrity": "sha1-mCD5lDTFgXhotPNICe5SkWYNW2w=",
      "requires": {
        "p-finally": "https://registry.npm.taobao.org/p-finally/download/p-finally-1.0.0.tgz"
      }
    },
    "parseurl": {
      "version": "https://registry.npm.taobao.org/parseurl/download/parseurl-1.3.2.tgz",
      "integrity": "sha1-/CidTtiZMRlGDBViUyYs3I3mW/M="
    },
    "path-to-regexp": {
      "version": "https://registry.npm.taobao.org/path-to-regexp/download/path-to-regexp-0.1.7.tgz",
      "integrity": "sha1-32BBeABfUi8V60SQ5yR6G/qmf4w="
    },
    "prepend-http": {
      "version": "https://registry.npm.taobao.org/prepend-http/download/prepend-http-1.0.4.tgz",
      "integrity": "sha1-1PRWKwzjaW5BrFLQ4ALlemNdxtw="
    },
    "process-nextick-args": {
      "version": "https://registry.npm.taobao.org/process-nextick-args/download/process-nextick-args-1.0.7.tgz",
      "integrity": "sha1-FQ4gt1ZZCtP5EJPyWk8q2L/zC6M="
    },
    "proxy-addr": {
      "version": "https://registry.npm.taobao.org/proxy-addr/download/proxy-addr-2.0.2.tgz",
      "integrity": "sha1-ZXFQT0e7mI7IGAJT+F3X4UlSvew=",
      "requires": {
        "forwarded": "https://registry.npm.taobao.org/forwarded/download/forwarded-0.1.2.tgz",
        "ipaddr.js": "https://registry.npm.taobao.org/ipaddr.js/download/ipaddr.js-1.5.2.tgz"
      }
    },
    "qs": {
      "version": "https://registry.npm.taobao.org/qs/download/qs-6.5.1.tgz",
      "integrity": "sha1-NJzfbu+J7EXBLX1es/wMhwNDptg="
    },
    "random-bytes": {
      "version": "https://registry.npm.taobao.org/random-bytes/download/random-bytes-1.0.0.tgz",
      "integrity": "sha1-T2ih3Arli9P7lYSMMDJNt11kNgs="
    },
    "range-parser": {
      "version": "https://registry.npm.taobao.org/range-parser/download/range-parser-1.2.0.tgz",
      "integrity": "sha1-9JvmtIeJTdxA3MlKMi9hEJLgDV4="
    },
    "raw-body": {
      "version": "https://registry.npm.taobao.org/raw-body/download/raw-body-2.3.2.tgz",
      "integrity": "sha1-vNYMd9Prk83gBQKVw/N5OJvIj4k=",
      "requires": {
        "bytes": "https://registry.npm.taobao.org/bytes/download/bytes-3.0.0.tgz",
        "http-errors": "https://registry.npm.taobao.org/http-errors/download/http-errors-1.6.2.tgz",
        "iconv-lite": "https://registry.npm.taobao.org/iconv-lite/download/iconv-lite-0.4.19.tgz",
        "unpipe": "https://registry.npm.taobao.org/unpipe/download/unpipe-1.0.0.tgz"
      }
    },
    "readable-stream": {
      "version": "https://registry.npm.taobao.org/readable-stream/download/readable-stream-1.1.14.tgz",
      "integrity": "sha1-fPTFTvZI44EwhMY23SB54WbAgdk=",
      "requires": {
        "core-util-is": "https://registry.npm.taobao.org/core-util-is/download/core-util-is-1.0.2.tgz",
        "inherits": "https://registry.npm.taobao.org/inherits/download/inherits-2.0.3.tgz",
        "isarray": "https://registry.npm.taobao.org/isarray/download/isarray-0.0.1.tgz",
        "string_decoder": "https://registry.npm.taobao.org/string_decoder/download/string_decoder-0.10.31.tgz"
      }
    },
    "safe-buffer": {
      "version": "https://registry.npm.taobao.org/safe-buffer/download/safe-buffer-5.1.1.tgz",
      "integrity": "sha1-iTMSr2myEj3vcfV4iQAWce6yyFM="
    },
    "send": {
      "version": "https://registry.npm.taobao.org/send/download/send-0.16.1.tgz",
      "integrity": "sha1-pw4coh0TgsEdDZ9iMd6ygQgNerM=",
      "requires": {
        "debug": "https://registry.npm.taobao.org/debug/download/debug-2.6.9.tgz",
        "depd": "https://registry.npm.taobao.org/depd/download/depd-1.1.1.tgz",
        "destroy": "https://registry.npm.taobao.org/destroy/download/destroy-1.0.4.tgz",
        "encodeurl": "https://registry.npm.taobao.org/encodeurl/download/encodeurl-1.0.1.tgz",
        "escape-html": "https://registry.npm.taobao.org/escape-html/download/escape-html-1.0.3.tgz",
        "etag": "https://registry.npm.taobao.org/etag/download/etag-1.8.1.tgz",
        "fresh": "https://registry.npm.taobao.org/fresh/download/fresh-0.5.2.tgz",
        "http-errors": "https://registry.npm.taobao.org/http-errors/download/http-errors-1.6.2.tgz",
        "mime": "https://registry.npm.taobao.org/mime/download/mime-1.4.1.tgz",
        "ms": "https://registry.npm.taobao.org/ms/download/ms-2.0.0.tgz",
        "on-finished": "https://registry.npm.taobao.org/on-finished/download/on-finished-2.3.0.tgz",
        "range-parser": "https://registry.npm.taobao.org/range-parser/download/range-parser-1.2.0.tgz",
        "statuses": "https://registry.npm.taobao.org/statuses/download/statuses-1.3.1.tgz"
      }
    },
    "serve-static": {
      "version": "https://registry.npm.taobao.org/serve-static/download/serve-static-1.13.1.tgz",
      "integrity": "sha1-TFfVNASnYdjy58HooYpH2/J4pxk=",
      "requires": {
        "encodeurl": "https://registry.npm.taobao.org/encodeurl/download/encodeurl-1.0.1.tgz",
        "escape-html": "https://registry.npm.taobao.org/escape-html/download/escape-html-1.0.3.tgz",
        "parseurl": "https://registry.npm.taobao.org/parseurl/download/parseurl-1.3.2.tgz",
        "send": "https://registry.npm.taobao.org/send/download/send-0.16.1.tgz"
      }
    },
    "setprototypeof": {
      "version": "https://registry.npm.taobao.org/setprototypeof/download/setprototypeof-1.1.0.tgz",
      "integrity": "sha1-0L2FU2iHtv58DYGMuWLZ2RxU5lY="
    },
    "statuses": {
      "version": "https://registry.npm.taobao.org/statuses/download/statuses-1.3.1.tgz",
      "integrity": "sha1-+vUbnrdKrvOzrPStX2Gr8ky3uT4="
    },
    "streamsearch": {
      "version": "https://registry.npm.taobao.org/streamsearch/download/streamsearch-0.1.2.tgz",
      "integrity": "sha1-gIudDlb8Jz2Am6VzOOkpkZoanxo="
    },
    "string_decoder": {
      "version": "https://registry.npm.taobao.org/string_decoder/download/string_decoder-0.10.31.tgz",
      "integrity": "sha1-YuIDvEF2bGwoyfyEMB2rHFMQ+pQ="
    },
    "timed-out": {
      "version": "https://registry.npm.taobao.org/timed-out/download/timed-out-4.0.1.tgz",
      "integrity": "sha1-8y6srFoXW+ol1/q1Zas+2HQe9W8="
    },
    "type-is": {
      "version": "https://registry.npm.taobao.org/type-is/download/type-is-1.6.15.tgz",
      "integrity": "sha1-yrEPtJCeRByChC6v4a1kbIGARBA=",
      "requires": {
        "media-typer": "https://registry.npm.taobao.org/media-typer/download/media-typer-0.3.0.tgz",
        "mime-types": "https://registry.npm.taobao.org/mime-types/download/mime-types-2.1.17.tgz"
      }
    },
    "typedarray": {
      "version": "https://registry.npm.taobao.org/typedarray/download/typedarray-0.0.6.tgz",
      "integrity": "sha1-hnrHTjhkGHsdPUfZlqeOxciDB3c="
    },
    "uid-safe": {
      "version": "https://registry.npm.taobao.org/uid-safe/download/uid-safe-2.1.5.tgz",
      "integrity": "sha1-Kz1cckDo/C5Y+Komnl7knAhXvTo=",
      "requires": {
        "random-bytes": "https://registry.npm.taobao.org/random-bytes/download/random-bytes-1.0.0.tgz"
      }
    },
    "unpipe": {
      "version": "https://registry.npm.taobao.org/unpipe/download/unpipe-1.0.0.tgz",
      "integrity": "sha1-sr9O6FFKrmFltIF4KdIbLvSZBOw="
    },
    "url-parse-lax": {
      "version": "https://registry.npm.taobao.org/url-parse-lax/download/url-parse-lax-1.0.0.tgz",
      "integrity": "sha1-evjzA2Rem9eaJy56FKxovAYJ2nM=",
      "requires": {
        "prepend-http": "https://registry.npm.taobao.org/prepend-http/download/prepend-http-1.0.4.tgz"
      }
    },
    "url-to-options": {
      "version": "https://registry.npm.taobao.org/url-to-options/download/url-to-options-1.0.1.tgz",
      "integrity": "sha1-FQWgOiiaSMvXpDTvuu7FBV9WM6k="
    },
    "util-deprecate": {
      "version": "https://registry.npm.taobao.org/util-deprecate/download/util-deprecate-1.0.2.tgz",
      "integrity": "sha1-RQ1Nyfpw3nMnYvvS1KKJgUGaDM8="
    },
    "utils-merge": {
      "version": "https://registry.npm.taobao.org/utils-merge/download/utils-merge-1.0.1.tgz",
      "integrity": "sha1-n5VxD1CiZ5R7LMwSR0HBAoQn5xM="
    },
    "vary": {
      "version": "https://registry.npm.taobao.org/vary/download/vary-1.1.2.tgz",
      "integrity": "sha1-IpnwLG3tMNSllhsLn3RSShj2NPw="
    },
    "vue": {
      "version": "https://registry.npm.taobao.org/vue/download/vue-2.4.4.tgz",
      "integrity": "sha1-6pVQuWpxRl/SuLF7YWc7NWGGF4k="
    },
    "vue-resource": {
      "version": "https://registry.npm.taobao.org/vue-resource/download/vue-resource-1.3.4.tgz",
      "integrity": "sha1-n8C99qL1yrQwEp/JnTR7PernsJk=",
      "requires": {
        "got": "https://registry.npm.taobao.org/got/download/got-7.1.0.tgz"
      }
    },
    "vue-router": {
      "version": "https://registry.npm.taobao.org/vue-router/download/vue-router-3.0.0.tgz",
      "integrity": "sha1-RYCSrV2OO40mZhz7y/RsEg+Ooa4="
    },
    "xtend": {
      "version": "https://registry.npm.taobao.org/xtend/download/xtend-4.0.1.tgz",
      "integrity": "sha1-pcbVMr5lbiPbgg77lDofBJmNY68="
    }
  }
}
